Microsoft Visual Studio Solution File, Format Version 11.00
# Visual Studio 2008

Project("{10E8FEFD-E3DB-1A33-200E-A6BEA3FC60FD}") = "Shooting(day2)", "Assembly-CSharp-firstpass.csproj", "{63883179-6B77-06FE-F8B2-3A3C358FAE79}"
EndProject
Project("{10E8FEFD-E3DB-1A33-200E-A6BEA3FC60FD}") = "Shooting(day2)", "Assembly-CSharp.csproj", "{3D978404-8847-9766-8395-0C75DA0AAB08}"
EndProject
Project("{10E8FEFD-E3DB-1A33-200E-A6BEA3FC60FD}") = "Shooting(day2)", "Assembly-CSharp-Editor.csproj", "{0C2D9393-AEA8-DB82-0021-C49A8DE5FEA3}"
EndProject
Project("{10E8FEFD-E3DB-1A33-200E-A6BEA3FC60FD}") = "Shooting(day2)", "Assembly-Boo-Editor.booproj", "{324E166D-3351-63ED-80AB-87E388F977EE}"
EndProject
Project("{10E8FEFD-E3DB-1A33-200E-A6BEA3FC60FD}") = "Shooting(day2)", "Assembly-UnityScript-Editor.unityproj", "{05CAFA2F-6EEC-43B5-52D7-5C676EF35585}"
EndProject
Global
	GlobalSection(SolutionConfigurationPlatforms) = preSolution
		Debug|Any CPU = Debug|Any CPU
		Release|Any CPU = Release|Any CPU
	EndGlobalSection
	GlobalSection(ProjectConfigurationPlatforms) = postSolution
		{63883179-6B77-06FE-F8B2-3A3C358FAE79}.Debug|Any CPU.ActiveCfg = Debug|Any CPU
		{63883179-6B77-06FE-F8B2-3A3C358FAE79}.Debug|Any CPU.Build.0 = Debug|Any CPU
		{63883179-6B77-06FE-F8B2-3A3C358FAE79}.Release|Any CPU.ActiveCfg = Release|Any CPU
		{63883179-6B77-06FE-F8B2-3A3C358FAE79}.Release|Any CPU.Build.0 = Release|Any CPU
		{3D978404-8847-9766-8395-0C75DA0AAB08}.Debug|Any CPU.ActiveCfg = Debug|Any CPU
		{3D978404-8847-9766-8395-0C75DA0AAB08}.Debug|Any CPU.Build.0 = Debug|Any CPU
		{3D978404-8847-9766-8395-0C75DA0AAB08}.Release|Any CPU.ActiveCfg = Release|Any CPU
		{3D978404-8847-9766-8395-0C75DA0AAB08}.Release|Any CPU.Build.0 = Release|Any CPU
		{0C2D9393-AEA8-DB82-0021-C49A8DE5FEA3}.Debug|Any CPU.ActiveCfg = Debug|Any CPU
		{0C2D9393-AEA8-DB82-0021-C49A8DE5FEA3}.Debug|Any CPU.Build.0 = Debug|Any CPU
		{0C2D9393-AEA8-DB82-0021-C49A8DE5FEA3}.Release|Any CPU.ActiveCfg = Release|Any CPU
		{0C2D9393-AEA8-DB82-0021-C49A8DE5FEA3}.Release|Any CPU.Build.0 = Release|Any CPU
		{324E166D-3351-63ED-80AB-87E388F977EE}.Debug|Any CPU.ActiveCfg = Debug|Any CPU
		{324E166D-3351-63ED-80AB-87E388F977EE}.Debug|Any CPU.Build.0 = Debug|Any CPU
		{324E166D-3351-63ED-80AB-87E388F977EE}.Release|Any CPU.ActiveCfg = Release|Any CPU
		{324E166D-3351-63ED-80AB-87E388F977EE}.Release|Any CPU.Build.0 = Release|Any CPU
		{05CAFA2F-6EEC-43B5-52D7-5C676EF35585}.Debug|Any CPU.ActiveCfg = Debug|Any CPU
		{05CAFA2F-6EEC-43B5-52D7-5C676EF35585}.Debug|Any CPU.Build.0 = Debug|Any CPU
		{05CAFA2F-6EEC-43B5-52D7-5C676EF35585}.Release|Any CPU.ActiveCfg = Release|Any CPU
		{05CAFA2F-6EEC-43B5-52D7-5C676EF35585}.Release|Any CPU.Build.0 = Release|Any CPU
	EndGlobalSection
	GlobalSection(SolutionProperties) = preSolution
		HideSolutionNode = FALSE
	EndGlobalSection
																																																																											GlobalSection(MonoDevelopProperties) = preSolution
		StartupItem = Assembly-CSharp.csproj
		Policies = $0
		$0.TextStylePolicy = $1
		$1.inheritsSet = null
		$1.scope = text/x-csharp
		$0.CSharpFormattingPolicy = $2
		$2.inheritsSet = Mono
		$2.inheritsScope = text/x-csharp
		$2.scope = text/x-csharp
		$0.TextStylePolicy = $3
		$3.FileWidth = 120
		$3.TabWidth = 4
		$3.IndentWidth = 4
		$3.EolMarker = Unix
		$3.inheritsSet = Mono
		$3.inheritsScope = text/plain
		$3.scope = text/plain
	EndGlobalSection

EndGlobal
